
Microsoft Visual Studio Solution File, Format Version 12.00
# Visual Studio 2013
VisualStudioVersion = 12.0.31101.0
MinimumVisualStudioVersion = 10.0.40219.1
Project("{FAE04EC0-301F-11D3-BF4B-00C04F79EFBC}") = "OnlineShopping", "OnlineShopping\OnlineShopping.csproj", "{2F9DB241-7931-4DA1-8C38-F5D96330EF09}"
EndProject
Project("{2150E333-8FDC-42A3-9474-1A3956D46DE8}") = ".nuget", ".nuget", "{4669F1E4-FD17-497B-9107-D38AA44534C8}"
	ProjectSection(SolutionItems) = preProject
		.nuget\packages.config = .nuget\packages.config
	EndProjectSection
EndProject
Global
	GlobalSection(SolutionConfigurationPlatforms) = preSolution
		Debug|Any CPU = Debug|Any CPU
		Release|Any CPU = Release|Any CPU
	EndGlobalSection
	GlobalSection(ProjectConfigurationPlatforms) = postSolution
		{2F9DB241-7931-4DA1-8C38-F5D96330EF09}.Debug|Any CPU.ActiveCfg = Debug|Any CPU
		{2F9DB241-7931-4DA1-8C38-F5D96330EF09}.Debug|Any CPU.Build.0 = Debug|Any CPU
		{2F9DB241-7931-4DA1-8C38-F5D96330EF09}.Release|Any CPU.ActiveCfg = Release|Any CPU
		{2F9DB241-7931-4DA1-8C38-F5D96330EF09}.Release|Any CPU.Build.0 = Release|Any CPU
	EndGlobalSection
	GlobalSection(SolutionProperties) = preSolution
		HideSolutionNode = FALSE
	EndGlobalSection
EndGlobal
